#
# This file is autogenerated by pip-compile with Python 3.14
# by the following command:
#
#    pip-compile --output-file=requirements.lock --strip-extras requirements.in
#
asgiref==3.12.1
    # via
    #   django
    #   django-allauth
django==5.2.17
    # via
    #   -r requirements.in
    #   django-allauth
    #   djangorestframework
django-allauth==65.19.4
    # via -r requirements.in
djangorestframework==3.18.1
    # via -r requirements.in
psycopg==3.3.6
    # via -r requirements.in
psycopg-binary==3.3.6
    # via psycopg
pyyaml==6.0.3
    # via -r requirements.in
sqlparse==0.6.0
    # via django
